#MicroXplorer Configuration settings - do not modify
ADC1.Channel-0\#ChannelRegularConversion=ADC_CHANNEL_3
ADC1.CommonPathInternal=null|null|null|null
ADC1.IPParameters=Rank-0\#ChannelRegularConversion,master,Channel-0\#ChannelRegularConversion,SamplingTime-0\#ChannelRegularConversion,OffsetNumber-0\#ChannelRegularConversion,NbrOfConversionFlag,CommonPathInternal
ADC1.NbrOfConversionFlag=1
ADC1.OffsetNumber-0\#ChannelRegularConversion=ADC_OFFSET_NONE
ADC1.Rank-0\#ChannelRegularConversion=1
ADC1.SamplingTime-0\#ChannelRegularConversion=ADC_SAMPLETIME_2CYCLES_5
ADC1.master=1
ADC2.Channel-0\#ChannelRegularConversion=ADC_CHANNEL_10
ADC2.CommonPathInternal=null|null|null|null
ADC2.IPParameters=Rank-0\#ChannelRegularConversion,Channel-0\#ChannelRegularConversion,SamplingTime-0\#ChannelRegularConversion,OffsetNumber-0\#ChannelRegularConversion,NbrOfConversionFlag,CommonPathInternal
ADC2.NbrOfConversionFlag=1
ADC2.OffsetNumber-0\#ChannelRegularConversion=ADC_OFFSET_NONE
ADC2.Rank-0\#ChannelRegularConversion=1
ADC2.SamplingTime-0\#ChannelRegularConversion=ADC_SAMPLETIME_2CYCLES_5
CAD.formats=
CAD.pinconfig=
CAD.provider=
Dma.Request0=UCPD1_RX
Dma.Request1=UCPD1_TX
Dma.Request2=SAI1_A
Dma.Request3=SAI1_B
Dma.RequestsNb=4
Dma.SAI1_A.2.Direction=DMA_MEMORY_TO_PERIPH
Dma.SAI1_A.2.EventEnable=DISABLE
Dma.SAI1_A.2.Instance=DMA1_Channel3
Dma.SAI1_A.2.MemDataAlignment=DMA_MDATAALIGN_WORD
Dma.SAI1_A.2.MemInc=DMA_MINC_ENABLE
Dma.SAI1_A.2.Mode=DMA_NORMAL
Dma.SAI1_A.2.PeriphDataAlignment=DMA_PDATAALIGN_WORD
Dma.SAI1_A.2.PeriphInc=DMA_PINC_DISABLE
Dma.SAI1_A.2.Polarity=HAL_DMAMUX_REQ_GEN_RISING
Dma.SAI1_A.2.Priority=DMA_PRIORITY_LOW
Dma.SAI1_A.2.RequestNumber=1
Dma.SAI1_A.2.RequestParameters=Instance,Direction,PeriphInc,MemInc,PeriphDataAlignment,MemDataAlignment,Mode,Priority,SignalID,Polarity,RequestNumber,SyncSignalID,SyncPolarity,SyncEnable,EventEnable,SyncRequestNumber
Dma.SAI1_A.2.SignalID=NONE
Dma.SAI1_A.2.SyncEnable=DISABLE
Dma.SAI1_A.2.SyncPolarity=HAL_DMAMUX_SYNC_NO_EVENT
Dma.SAI1_A.2.SyncRequestNumber=1
Dma.SAI1_A.2.SyncSignalID=NONE
Dma.SAI1_B.3.Direction=DMA_PERIPH_TO_MEMORY
Dma.SAI1_B.3.EventEnable=DISABLE
Dma.SAI1_B.3.Instance=DMA2_Channel1
Dma.SAI1_B.3.MemDataAlignment=DMA_MDATAALIGN_WORD
Dma.SAI1_B.3.MemInc=DMA_MINC_ENABLE
Dma.SAI1_B.3.Mode=DMA_NORMAL
Dma.SAI1_B.3.PeriphDataAlignment=DMA_PDATAALIGN_WORD
Dma.SAI1_B.3.PeriphInc=DMA_PINC_DISABLE
Dma.SAI1_B.3.Polarity=HAL_DMAMUX_REQ_GEN_RISING
Dma.SAI1_B.3.Priority=DMA_PRIORITY_LOW
Dma.SAI1_B.3.RequestNumber=1
Dma.SAI1_B.3.RequestParameters=Instance,Direction,PeriphInc,MemInc,PeriphDataAlignment,MemDataAlignment,Mode,Priority,SignalID,Polarity,RequestNumber,SyncSignalID,SyncPolarity,SyncEnable,EventEnable,SyncRequestNumber
Dma.SAI1_B.3.SignalID=NONE
Dma.SAI1_B.3.SyncEnable=DISABLE
Dma.SAI1_B.3.SyncPolarity=HAL_DMAMUX_SYNC_NO_EVENT
Dma.SAI1_B.3.SyncRequestNumber=1
Dma.SAI1_B.3.SyncSignalID=NONE
Dma.UCPD1_RX.0.Direction=DMA_PERIPH_TO_MEMORY
Dma.UCPD1_RX.0.EventEnable=DISABLE
Dma.UCPD1_RX.0.Instance=DMA1_Channel1
Dma.UCPD1_RX.0.MemDataAlignment=DMA_MDATAALIGN_BYTE
Dma.UCPD1_RX.0.MemInc=DMA_MINC_ENABLE
Dma.UCPD1_RX.0.Mode=DMA_NORMAL
Dma.UCPD1_RX.0.PeriphDataAlignment=DMA_PDATAALIGN_BYTE
Dma.UCPD1_RX.0.PeriphInc=DMA_PINC_DISABLE
Dma.UCPD1_RX.0.Polarity=HAL_DMAMUX_REQ_GEN_RISING
Dma.UCPD1_RX.0.Priority=DMA_PRIORITY_LOW
Dma.UCPD1_RX.0.RequestNumber=1
Dma.UCPD1_RX.0.RequestParameters=Instance,Direction,PeriphInc,MemInc,PeriphDataAlignment,MemDataAlignment,Mode,Priority,SignalID,Polarity,RequestNumber,SyncSignalID,SyncPolarity,SyncEnable,EventEnable,SyncRequestNumber
Dma.UCPD1_RX.0.SignalID=NONE
Dma.UCPD1_RX.0.SyncEnable=DISABLE
Dma.UCPD1_RX.0.SyncPolarity=HAL_DMAMUX_SYNC_NO_EVENT
Dma.UCPD1_RX.0.SyncRequestNumber=1
Dma.UCPD1_RX.0.SyncSignalID=NONE
Dma.UCPD1_TX.1.Direction=DMA_MEMORY_TO_PERIPH
Dma.UCPD1_TX.1.EventEnable=DISABLE
Dma.UCPD1_TX.1.Instance=DMA1_Channel2
Dma.UCPD1_TX.1.MemDataAlignment=DMA_MDATAALIGN_BYTE
Dma.UCPD1_TX.1.MemInc=DMA_MINC_ENABLE
Dma.UCPD1_TX.1.Mode=DMA_NORMAL
Dma.UCPD1_TX.1.PeriphDataAlignment=DMA_PDATAALIGN_BYTE
Dma.UCPD1_TX.1.PeriphInc=DMA_PINC_DISABLE
Dma.UCPD1_TX.1.Polarity=HAL_DMAMUX_REQ_GEN_RISING
Dma.UCPD1_TX.1.Priority=DMA_PRIORITY_LOW
Dma.UCPD1_TX.1.RequestNumber=1
Dma.UCPD1_TX.1.RequestParameters=Instance,Direction,PeriphInc,MemInc,PeriphDataAlignment,MemDataAlignment,Mode,Priority,SignalID,Polarity,RequestNumber,SyncSignalID,SyncPolarity,SyncEnable,EventEnable,SyncRequestNumber
Dma.UCPD1_TX.1.SignalID=NONE
Dma.UCPD1_TX.1.SyncEnable=DISABLE
Dma.UCPD1_TX.1.SyncPolarity=HAL_DMAMUX_SYNC_NO_EVENT
Dma.UCPD1_TX.1.SyncRequestNumber=1
Dma.UCPD1_TX.1.SyncSignalID=NONE
File.Version=6
GPIO.groupedBy=Group By Peripherals
KeepUserPlacement=false
Mcu.CPN=STM32G491CET6
Mcu.Family=STM32G4
Mcu.IP0=ADC1
Mcu.IP1=ADC2
Mcu.IP10=UCPD1
Mcu.IP11=USART3
Mcu.IP12=USB
Mcu.IP13=USBPD
Mcu.IP14=USB_DEVICE
Mcu.IP2=DMA
Mcu.IP3=I2C1
Mcu.IP4=NVIC
Mcu.IP5=RCC
Mcu.IP6=SAI1
Mcu.IP7=SYS
Mcu.IP8=TIM2
Mcu.IP9=TIM3
Mcu.IPNb=15
Mcu.Name=STM32G491C(C-E)Tx
Mcu.Package=LQFP48
Mcu.Pin0=PC13
Mcu.Pin1=PC14-OSC32_IN
Mcu.Pin10=PA6
Mcu.Pin11=PA7
Mcu.Pin12=PB0
Mcu.Pin13=PB1
Mcu.Pin14=PB10
Mcu.Pin15=PB11
Mcu.Pin16=PB12
Mcu.Pin17=PB13
Mcu.Pin18=PB14
Mcu.Pin19=PB15
Mcu.Pin2=PC15-OSC32_OUT
Mcu.Pin20=PA8
Mcu.Pin21=PA9
Mcu.Pin22=PA10
Mcu.Pin23=PA11
Mcu.Pin24=PA12
Mcu.Pin25=PA13
Mcu.Pin26=PA14
Mcu.Pin27=PA15
Mcu.Pin28=PB3
Mcu.Pin29=PB4
Mcu.Pin3=PF0-OSC_IN
Mcu.Pin30=PB5
Mcu.Pin31=PB6
Mcu.Pin32=PB7
Mcu.Pin33=PB8-BOOT0
Mcu.Pin34=VP_SAI1_VP_$IpInstance_SAIA_SAI_BASIC
Mcu.Pin35=VP_SYS_VS_Systick
Mcu.Pin36=VP_SYS_VS_DBSignals
Mcu.Pin37=VP_USBPD_VS_USBPD1
Mcu.Pin38=VP_USBPD_VS_PD3CFG1
Mcu.Pin39=VP_USBPD_VS_usbpd_tim1
Mcu.Pin4=PF1-OSC_OUT
Mcu.Pin40=VP_USB_DEVICE_VS_USB_DEVICE_CDC_FS
Mcu.Pin5=PA0
Mcu.Pin6=PA1
Mcu.Pin7=PA2
Mcu.Pin8=PA3
Mcu.Pin9=PA4
Mcu.PinsNb=41
Mcu.ThirdPartyNb=0
Mcu.UserConstants=
Mcu.UserName=STM32G491CETx
MxCube.Version=6.11.1
MxDb.Version=DB.6.0.111
NVIC.BusFault_IRQn=true\:0\:0\:false\:false\:true\:false\:false\:false
NVIC.DMA1_Channel1_IRQn=true\:0\:0\:false\:false\:true\:false\:true\:true
NVIC.DMA1_Channel2_IRQn=true\:0\:0\:false\:false\:true\:false\:true\:true
NVIC.DMA1_Channel3_IRQn=true\:0\:0\:false\:false\:true\:false\:true\:true
NVIC.DMA2_Channel1_IRQn=true\:0\:0\:false\:false\:true\:false\:true\:true
NVIC.DebugMonitor_IRQn=true\:0\:0\:false\:false\:true\:false\:false\:false
NVIC.ForceEnableDMAVector=true
NVIC.HardFault_IRQn=true\:0\:0\:false\:false\:true\:false\:false\:false
NVIC.MemoryManagement_IRQn=true\:0\:0\:false\:false\:true\:false\:false\:false
NVIC.NonMaskableInt_IRQn=true\:0\:0\:false\:false\:true\:false\:false\:false
NVIC.PendSV_IRQn=true\:0\:0\:false\:false\:true\:false\:false\:false
NVIC.PriorityGroup=NVIC_PRIORITYGROUP_4
NVIC.SVCall_IRQn=true\:0\:0\:false\:false\:true\:false\:false\:false
NVIC.SysTick_IRQn=true\:15\:0\:false\:false\:true\:false\:true\:false
NVIC.UCPD1_IRQn=true\:0\:0\:false\:false\:true\:true\:false\:true
NVIC.USB_LP_IRQn=true\:0\:0\:false\:false\:true\:false\:true\:true
NVIC.UsageFault_IRQn=true\:0\:0\:false\:false\:true\:false\:false\:false
PA0.GPIOParameters=GPIO_Label
PA0.GPIO_Label=Out_L
PA0.Signal=S_TIM2_CH1
PA1.GPIOParameters=GPIO_Label
PA1.GPIO_Label=Out_R
PA1.Signal=S_TIM2_CH2
PA10.Mode=SAI_A_MasterWithClock
PA10.Signal=SAI1_SD_A
PA11.Mode=Device
PA11.Signal=USB_DM
PA12.Mode=Device
PA12.Signal=USB_DP
PA13.Mode=Trace_Asynchronous_SW
PA13.Signal=SYS_JTMS-SWDIO
PA14.Mode=Trace_Asynchronous_SW
PA14.Signal=SYS_JTCK-SWCLK
PA15.Mode=I2C
PA15.Signal=I2C1_SCL
PA2.GPIOParameters=GPIO_Label
PA2.GPIO_Label=pot_volume
PA2.Locked=true
PA2.Mode=IN3-Single-Ended
PA2.Signal=ADC1_IN3
PA3.Mode=SAI_A_MasterWithClock
PA3.Signal=SAI1_MCLK_A
PA4.GPIOParameters=GPIO_Label
PA4.GPIO_Label=light
PA4.Locked=true
PA4.Signal=GPIO_Output
PA6.Signal=S_TIM3_CH1
PA7.Locked=true
PA7.Signal=S_TIM3_CH2
PA8.Locked=true
PA8.Mode=SAI_A_MasterWithClock
PA8.Signal=SAI1_SCK_A
PA9.Mode=SAI_A_MasterWithClock
PA9.Signal=SAI1_FS_A
PB0.Signal=S_TIM3_CH3
PB1.Signal=S_TIM3_CH4
PB10.Locked=true
PB10.Mode=Asynchronous
PB10.Signal=USART3_TX
PB11.GPIOParameters=GPIO_Label,GPIO_ModeDefaultEXTI
PB11.GPIO_Label=eq_band_btn
PB11.GPIO_ModeDefaultEXTI=GPIO_MODE_IT_RISING
PB11.Locked=true
PB11.Signal=GPXTI11
PB12.GPIOParameters=GPIO_Label
PB12.GPIO_Label=band3
PB12.Locked=true
PB12.Signal=GPIO_Output
PB13.GPIOParameters=GPIO_Label
PB13.GPIO_Label=band2
PB13.Locked=true
PB13.Signal=GPIO_Output
PB14.GPIOParameters=GPIO_Label
PB14.GPIO_Label=band1
PB14.Locked=true
PB14.Signal=GPIO_Output
PB15.GPIOParameters=GPIO_Label
PB15.GPIO_Label=band0
PB15.Locked=true
PB15.Signal=GPIO_Output
PB3.Mode=Trace_Asynchronous_SW
PB3.Signal=SYS_JTDO-SWO
PB4.Mode=Sink_AllSignals
PB4.Signal=UCPD1_CC2
PB5.Mode=SAI_B_SyncSlave
PB5.Signal=SAI1_SD_B
PB6.Mode=Sink_AllSignals
PB6.Signal=UCPD1_CC1
PB7.Mode=I2C
PB7.Signal=I2C1_SDA
PB8-BOOT0.Locked=true
PB8-BOOT0.Mode=Asynchronous
PB8-BOOT0.Signal=USART3_RX
PC13.GPIOParameters=GPIO_Label,GPIO_ModeDefaultEXTI
PC13.GPIO_Label=A1
PC13.GPIO_ModeDefaultEXTI=GPIO_MODE_IT_RISING_FALLING
PC13.Locked=true
PC13.Signal=GPXTI13
PC14-OSC32_IN.GPIOParameters=GPIO_Label,GPIO_ModeDefaultEXTI
PC14-OSC32_IN.GPIO_Label=A2
PC14-OSC32_IN.GPIO_ModeDefaultEXTI=GPIO_MODE_IT_RISING_FALLING
PC14-OSC32_IN.Locked=true
PC14-OSC32_IN.Signal=GPXTI14
PC15-OSC32_OUT.GPIOParameters=GPIO_Label,GPIO_ModeDefaultEXTI
PC15-OSC32_OUT.GPIO_Label=B1
PC15-OSC32_OUT.GPIO_ModeDefaultEXTI=GPIO_MODE_IT_RISING_FALLING
PC15-OSC32_OUT.Locked=true
PC15-OSC32_OUT.Signal=GPXTI15
PF0-OSC_IN.GPIOParameters=GPIO_Label,GPIO_ModeDefaultEXTI
PF0-OSC_IN.GPIO_Label=B2
PF0-OSC_IN.GPIO_ModeDefaultEXTI=GPIO_MODE_IT_RISING_FALLING
PF0-OSC_IN.Locked=true
PF0-OSC_IN.Signal=GPXTI0
PF1-OSC_OUT.GPIOParameters=GPIO_Label
PF1-OSC_OUT.GPIO_Label=V_sense
PF1-OSC_OUT.Locked=true
PF1-OSC_OUT.Mode=IN10-Single-Ended
PF1-OSC_OUT.Signal=ADC2_IN10
PinOutPanel.RotationAngle=0
ProjectManager.AskForMigrate=true
ProjectManager.BackupPrevious=false
ProjectManager.CompilerOptimize=6
ProjectManager.ComputerToolchain=false
ProjectManager.CoupleFile=true
ProjectManager.CustomerFirmwarePackage=
ProjectManager.DefaultFWLocation=true
ProjectManager.DeletePrevious=true
ProjectManager.DeviceId=STM32G491CETx
ProjectManager.FirmwarePackage=STM32Cube FW_G4 V1.5.2
ProjectManager.FreePins=false
ProjectManager.HalAssertFull=false
ProjectManager.HeapSize=0x200
ProjectManager.KeepUserCode=true
ProjectManager.LastFirmware=true
ProjectManager.LibraryCopy=1
ProjectManager.MainLocation=Core/Src
ProjectManager.NoMain=false
ProjectManager.PreviousToolchain=
ProjectManager.ProjectBuild=false
ProjectManager.ProjectFileName=Pojet1A.ioc
ProjectManager.ProjectName=Pojet1A
ProjectManager.ProjectStructure=
ProjectManager.RegisterCallBack=
ProjectManager.StackSize=0x400
ProjectManager.TargetToolchain=STM32CubeIDE
ProjectManager.ToolChainLocation=
ProjectManager.UAScriptAfterPath=
ProjectManager.UAScriptBeforePath=
ProjectManager.UnderRoot=true
ProjectManager.functionlistsort=1-SystemClock_Config-RCC-false-HAL-false,2-MX_GPIO_Init-GPIO-false-HAL-true,3-MX_DMA_Init-DMA-false-HAL-true,4-MX_ADC1_Init-ADC1-false-HAL-true,5-MX_SAI1_Init-SAI1-false-HAL-true,6-MX_UCPD1_Init-UCPD1-false-LL-true,7-MX_ADC2_Init-ADC2-false-HAL-true,8-MX_I2C1_Init-I2C1-false-HAL-true,9-MX_TIM2_Init-TIM2-false-HAL-true,10-MX_TIM3_Init-TIM3-false-HAL-true,11-MX_USART3_UART_Init-USART3-false-HAL-true,12-MX_USBPD_Init-USBPD-false-HAL-false,13-MX_USB_Device_Init-USB_DEVICE-false-HAL-false
RCC.AHBFreq_Value=16000000
RCC.APB1Freq_Value=16000000
RCC.APB1TimFreq_Value=16000000
RCC.APB2Freq_Value=16000000
RCC.APB2TimFreq_Value=16000000
RCC.CRSFreq_Value=48000000
RCC.CortexFreq_Value=16000000
RCC.EXTERNAL_CLOCK_VALUE=12288000
RCC.FCLKCortexFreq_Value=16000000
RCC.FDCANFreq_Value=16000000
RCC.FamilyName=M
RCC.HCLKFreq_Value=16000000
RCC.HRTIM1Freq_Value=16000000
RCC.HSE_VALUE=8000000
RCC.HSI48_VALUE=48000000
RCC.HSI_VALUE=16000000
RCC.I2C1Freq_Value=16000000
RCC.I2C2Freq_Value=16000000
RCC.I2C3Freq_Value=16000000
RCC.I2SFreq_Value=16000000
RCC.IPParameters=AHBFreq_Value,APB1Freq_Value,APB1TimFreq_Value,APB2Freq_Value,APB2TimFreq_Value,CRSFreq_Value,CortexFreq_Value,EXTERNAL_CLOCK_VALUE,FCLKCortexFreq_Value,FDCANFreq_Value,FamilyName,HCLKFreq_Value,HRTIM1Freq_Value,HSE_VALUE,HSI48_VALUE,HSI_VALUE,I2C1Freq_Value,I2C2Freq_Value,I2C3Freq_Value,I2SFreq_Value,LPTIM1Freq_Value,LPUART1Freq_Value,LSCOPinFreq_Value,LSE_VALUE,LSI_VALUE,MCO1PinFreq_Value,PLLPoutputFreq_Value,PLLQoutputFreq_Value,PLLRCLKFreq_Value,PWRFreq_Value,QSPIFreq_Value,RNGFreq_Value,SAI1Freq_Value,SYSCLKFreq_VALUE,USART1Freq_Value,USART2Freq_Value,USART3Freq_Value,USBFreq_Value,VCOInputFreq_Value,VCOOutputFreq_Value
RCC.LPTIM1Freq_Value=16000000
RCC.LPUART1Freq_Value=16000000
RCC.LSCOPinFreq_Value=32000
RCC.LSE_VALUE=32768
RCC.LSI_VALUE=32000
RCC.MCO1PinFreq_Value=16000000
RCC.PLLPoutputFreq_Value=64000000
RCC.PLLQoutputFreq_Value=64000000
RCC.PLLRCLKFreq_Value=64000000
RCC.PWRFreq_Value=16000000
RCC.QSPIFreq_Value=16000000
RCC.RNGFreq_Value=48000000
RCC.SAI1Freq_Value=16000000
RCC.SYSCLKFreq_VALUE=16000000
RCC.USART1Freq_Value=16000000
RCC.USART2Freq_Value=16000000
RCC.USART3Freq_Value=16000000
RCC.USBFreq_Value=48000000
RCC.VCOInputFreq_Value=16000000
RCC.VCOOutputFreq_Value=128000000
SAI1.AudioFrequency-SAI_A_MasterWithClock=SAI_AUDIO_FREQUENCY_48K
SAI1.IPParameters=Instance-SAI_A_MasterWithClock,VirtualMode-SAI_A_MasterWithClock,MckOutput-SAI_A_MasterWithClock,AudioFrequency-SAI_A_MasterWithClock,InitProtocol-SAI_A_MasterWithClock,VirtualProtocol-SAI_A_BASIC,Instance-SAI_B_SyncSlave,VirtualMode-SAI_B_SyncSlave
SAI1.InitProtocol-SAI_A_MasterWithClock=Enable
SAI1.Instance-SAI_A_MasterWithClock=SAI$Index_Block_A
SAI1.Instance-SAI_B_SyncSlave=SAI$Index_Block_B
SAI1.MckOutput-SAI_A_MasterWithClock=SAI_MCK_OUTPUT_ENABLE
SAI1.VirtualMode-SAI_A_MasterWithClock=VM_MASTER
SAI1.VirtualMode-SAI_B_SyncSlave=VM_SLAVE
SAI1.VirtualProtocol-SAI_A_BASIC=VM_BASIC_PROTOCOL
SH.GPXTI0.0=GPIO_EXTI0
SH.GPXTI0.ConfNb=1
SH.GPXTI11.0=GPIO_EXTI11
SH.GPXTI11.ConfNb=1
SH.GPXTI13.0=GPIO_EXTI13
SH.GPXTI13.ConfNb=1
SH.GPXTI14.0=GPIO_EXTI14
SH.GPXTI14.ConfNb=1
SH.GPXTI15.0=GPIO_EXTI15
SH.GPXTI15.ConfNb=1
SH.S_TIM2_CH1.0=TIM2_CH1,PWM Generation1 CH1
SH.S_TIM2_CH1.ConfNb=1
SH.S_TIM2_CH2.0=TIM2_CH2,PWM Generation2 CH2
SH.S_TIM2_CH2.ConfNb=1
SH.S_TIM3_CH1.0=TIM3_CH1,PWM Generation1 CH1
SH.S_TIM3_CH1.ConfNb=1
SH.S_TIM3_CH2.0=TIM3_CH2,PWM Generation2 CH2
SH.S_TIM3_CH2.ConfNb=1
SH.S_TIM3_CH3.0=TIM3_CH3,PWM Generation3 CH3
SH.S_TIM3_CH3.ConfNb=1
SH.S_TIM3_CH4.0=TIM3_CH4,PWM Generation4 CH4
SH.S_TIM3_CH4.ConfNb=1
TIM2.Channel-PWM\ Generation1\ CH1=TIM_CHANNEL_1
TIM2.Channel-PWM\ Generation2\ CH2=TIM_CHANNEL_2
TIM2.IPParameters=Channel-PWM Generation1 CH1,Channel-PWM Generation2 CH2
TIM3.Channel-PWM\ Generation1\ CH1=TIM_CHANNEL_1
TIM3.Channel-PWM\ Generation2\ CH2=TIM_CHANNEL_2
TIM3.Channel-PWM\ Generation3\ CH3=TIM_CHANNEL_3
TIM3.Channel-PWM\ Generation4\ CH4=TIM_CHANNEL_4
TIM3.IPParameters=Channel-PWM Generation1 CH1,Channel-PWM Generation2 CH2,Channel-PWM Generation3 CH3,Channel-PWM Generation4 CH4
USART3.IPParameters=VirtualMode-Asynchronous
USART3.VirtualMode-Asynchronous=VM_ASYNC
USBPD.IPParameters=USBPD_PORT0_PDO_SNK_FIXED_SET_VOLTAGE_0,USBPD_PORT0_PDO_SNK_FIXED_SET_OP_CURRENT_0
USBPD.USBPD_PORT0_PDO_SNK_FIXED_SET_OP_CURRENT_0=1500
USBPD.USBPD_PORT0_PDO_SNK_FIXED_SET_VOLTAGE_0=9000
USB_DEVICE.CLASS_NAME_FS=CDC
USB_DEVICE.IPParameters=VirtualMode,VirtualModeFS,CLASS_NAME_FS
USB_DEVICE.VirtualMode=Cdc
USB_DEVICE.VirtualModeFS=Cdc_FS
VP_SAI1_VP_$IpInstance_SAIA_SAI_BASIC.Mode=SAI_A_BASIC
VP_SAI1_VP_$IpInstance_SAIA_SAI_BASIC.Signal=SAI1_VP_$IpInstance_SAIA_SAI_BASIC
VP_SYS_VS_DBSignals.Mode=DisableDeadBatterySignals
VP_SYS_VS_DBSignals.Signal=SYS_VS_DBSignals
VP_SYS_VS_Systick.Mode=SysTick
VP_SYS_VS_Systick.Signal=SYS_VS_Systick
VP_USBPD_VS_PD3CFG1.Mode=PD3_Config1
VP_USBPD_VS_PD3CFG1.Signal=USBPD_VS_PD3CFG1
VP_USBPD_VS_USBPD1.Mode=USBPD_P0
VP_USBPD_VS_USBPD1.Signal=USBPD_VS_USBPD1
VP_USBPD_VS_usbpd_tim1.Mode=TIM1
VP_USBPD_VS_usbpd_tim1.Signal=USBPD_VS_usbpd_tim1
VP_USB_DEVICE_VS_USB_DEVICE_CDC_FS.Mode=CDC_FS
VP_USB_DEVICE_VS_USB_DEVICE_CDC_FS.Signal=USB_DEVICE_VS_USB_DEVICE_CDC_FS
board=custom
isbadioc=false
